// !$*UTF8*$!
{
	archiveVersion = 1;
	classes = {
	};
	objectVersion = 50;
	objects = {

/* Begin PBXBuildFile section */
		D32C5413260916AD005E6EF3 /* ChoiceView.swift in Sources */ = {isa = PBXBuildFile; fileRef = D32C5412260916AD005E6EF3 /* ChoiceView.swift */; };
		D357DADF260A89B3005ADB9F /* ViewSelect.swift in Sources */ = {isa = PBXBuildFile; fileRef = D357DADE260A89B3005ADB9F /* ViewSelect.swift */; };
		D3D623C426068EDC00213277 /* AppDelegate.swift in Sources */ = {isa = PBXBuildFile; fileRef = D3D623C326068EDC00213277 /* AppDelegate.swift */; };
		D3D623C626068EDC00213277 /* SceneDelegate.swift in Sources */ = {isa = PBXBuildFile; fileRef = D3D623C526068EDC00213277 /* SceneDelegate.swift */; };
		D3D623C826068EDC00213277 /* ViewController.swift in Sources */ = {isa = PBXBuildFile; fileRef = D3D623C726068EDC00213277 /* ViewController.swift */; };
		D3D623CB26068EDC00213277 /* Main.storyboard in Resources */ = {isa = PBXBuildFile; fileRef = D3D623C926068EDC00213277 /* Main.storyboard */; };
		D3D623CD26068EDD00213277 /* Assets.xcassets in Resources */ = {isa = PBXBuildFile; fileRef = D3D623CC26068EDD00213277 /* Assets.xcassets */; };
		D3D623D026068EDD00213277 /* LaunchScreen.storyboard in Resources */ = {isa = PBXBuildFile; fileRef = D3D623CE26068EDD00213277 /* LaunchScreen.storyboard */; };
		D3DC15752606913D00544E32 /* ThirstySoftRegular.otf in Resources */ = {isa = PBXBuildFile; fileRef = D3DC15742606913D00544E32 /* ThirstySoftRegular.otf */; };
		D3DC15782606914500544E32 /* Delm-Medium.otf in Resources */ = {isa = PBXBuildFile; fileRef = D3DC15772606914500544E32 /* Delm-Medium.otf */; };
/* End PBXBuildFile section */

/* Begin PBXFileReference section */
		D32C5412260916AD005E6EF3 /* ChoiceView.swift */ = {isa = PBXFileReference; lastKnownFileType = sourcecode.swift; path = ChoiceView.swift; sourceTree = "<group>"; };
		D357DADE260A89B3005ADB9F /* ViewSelect.swift */ = {isa = PBXFileReference; lastKnownFileType = sourcecode.swift; path = ViewSelect.swift; sourceTree = "<group>"; };
		D3D623C026068EDC00213277 /* Instagrid.app */ = {isa = PBXFileReference; explicitFileType = wrapper.application; includeInIndex = 0; path = Instagrid.app; sourceTree = BUILT_PRODUCTS_DIR; };
		D3D623C326068EDC00213277 /* AppDelegate.swift */ = {isa = PBXFileReference; lastKnownFileType = sourcecode.swift; path = AppDelegate.swift; sourceTree = "<group>"; };
		D3D623C526068EDC00213277 /* SceneDelegate.swift */ = {isa = PBXFileReference; lastKnownFileType = sourcecode.swift; path = SceneDelegate.swift; sourceTree = "<group>"; };
		D3D623C726068EDC00213277 /* ViewController.swift */ = {isa = PBXFileReference; lastKnownFileType = sourcecode.swift; path = ViewController.swift; sourceTree = "<group>"; };
		D3D623CA26068EDC00213277 /* Base */ = {isa = PBXFileReference; lastKnownFileType = file.storyboard; name = Base; path = Base.lproj/Main.storyboard; sourceTree = "<group>"; };
		D3D623CC26068EDD00213277 /* Assets.xcassets */ = {isa = PBXFileReference; lastKnownFileType = folder.assetcatalog; path = Assets.xcassets; sourceTree = "<group>"; };
		D3D623CF26068EDD00213277 /* Base */ = {isa = PBXFileReference; lastKnownFileType = file.storyboard; name = Base; path = Base.lproj/LaunchScreen.storyboard; sourceTree = "<group>"; };
		D3D623D126068EDD00213277 /* Info.plist */ = {isa = PBXFileReference; lastKnownFileType = text.plist.xml; path = Info.plist; sourceTree = "<group>"; };
		D3DC15742606913D00544E32 /* ThirstySoftRegular.otf */ = {isa = PBXFileReference; lastKnownFileType = file; path = ThirstySoftRegular.otf; sourceTree = "<group>"; };
		D3DC15772606914500544E32 /* Delm-Medium.otf */ = {isa = PBXFileReference; lastKnownFileType = file; path = "Delm-Medium.otf"; sourceTree = "<group>"; };
/* End PBXFileReference section */

/* Begin PBXFrameworksBuildPhase section */
		D3D623BD26068EDC00213277 /* Frameworks */ = {
			isa = PBXFrameworksBuildPhase;
			buildActionMask = 2147483647;
			files = (
			);
			runOnlyForDeploymentPostprocessing = 0;
		};
/* End PBXFrameworksBuildPhase section */

/* Begin PBXGroup section */
		D3D623B726068EDC00213277 = {
			isa = PBXGroup;
			children = (
				D3D623C226068EDC00213277 /* Instagrid */,
				D3D623C126068EDC00213277 /* Products */,
			);
			sourceTree = "<group>";
		};
		D3D623C126068EDC00213277 /* Products */ = {
			isa = PBXGroup;
			children = (
				D3D623C026068EDC00213277 /* Instagrid.app */,
			);
			name = Products;
			sourceTree = "<group>";
		};
		D3D623C226068EDC00213277 /* Instagrid */ = {
			isa = PBXGroup;
			children = (
				D3DC157D2606950800544E32 /* supporting files */,
				D3DC157C260694FD00544E32 /* controller */,
				D3DC157B260694F700544E32 /* view */,
				D3DC157A260694E900544E32 /* model */,
				D3D623D126068EDD00213277 /* Info.plist */,
			);
			path = Instagrid;
			sourceTree = "<group>";
		};
		D3DC157A260694E900544E32 /* model */ = {
			isa = PBXGroup;
			children = (
			);
			path = model;
			sourceTree = "<group>";
		};
		D3DC157B260694F700544E32 /* view */ = {
			isa = PBXGroup;
			children = (
				D3D623C926068EDC00213277 /* Main.storyboard */,
				D357DADE260A89B3005ADB9F /* ViewSelect.swift */,
				D32C5412260916AD005E6EF3 /* ChoiceView.swift */,
			);
			path = view;
			sourceTree = "<group>";
		};
		D3DC157C260694FD00544E32 /* controller */ = {
			isa = PBXGroup;
			children = (
				D3D623C726068EDC00213277 /* ViewController.swift */,
			);
			path = controller;
			sourceTree = "<group>";
		};
		D3DC157D2606950800544E32 /* supporting files */ = {
			isa = PBXGroup;
			children = (
				D3D623CC26068EDD00213277 /* Assets.xcassets */,
				D3D623CE26068EDD00213277 /* LaunchScreen.storyboard */,
				D3D623C326068EDC00213277 /* AppDelegate.swift */,
				D3DC15742606913D00544E32 /* ThirstySoftRegular.otf */,
				D3DC15772606914500544E32 /* Delm-Medium.otf */,
				D3D623C526068EDC00213277 /* SceneDelegate.swift */,
			);
			path = "supporting files";
			sourceTree = "<group>";
		};
/* End PBXGroup section */

/* Begin PBXNativeTarget section */
		D3D623BF26068EDC00213277 /* Instagrid */ = {
			isa = PBXNativeTarget;
			buildConfigurationList = D3D623D426068EDD00213277 /* Build configuration list for PBXNativeTarget "Instagrid" */;
			buildPhases = (
				D3D623BC26068EDC00213277 /* Sources */,
				D3D623BD26068EDC00213277 /* Frameworks */,
				D3D623BE26068EDC00213277 /* Resources */,
			);
			buildRules = (
			);
			dependencies = (
			);
			name = Instagrid;
			productName = Instagrid;
			productReference = D3D623C026068EDC00213277 /* Instagrid.app */;
			productType = "com.apple.product-type.application";
		};
/* End PBXNativeTarget section */

/* Begin PBXProject section */
		D3D623B826068EDC00213277 /* Project object */ = {
			isa = PBXProject;
			attributes = {
				LastSwiftUpdateCheck = 1240;
				LastUpgradeCheck = 1240;
				TargetAttributes = {
					D3D623BF26068EDC00213277 = {
						CreatedOnToolsVersion = 12.4;
					};
				};
			};
			buildConfigurationList = D3D623BB26068EDC00213277 /* Build configuration list for PBXProject "Instagrid" */;
			compatibilityVersion = "Xcode 9.3";
			developmentRegion = en;
			hasScannedForEncodings = 0;
			knownRegions = (
				en,
				Base,
			);
			mainGroup = D3D623B726068EDC00213277;
			productRefGroup = D3D623C126068EDC00213277 /* Products */;
			projectDirPath = "";
			projectRoot = "";
			targets = (
				D3D623BF26068EDC00213277 /* Instagrid */,
			);
		};
/* End PBXProject section */

/* Begin PBXResourcesBuildPhase section */
		D3D623BE26068EDC00213277 /* Resources */ = {
			isa = PBXResourcesBuildPhase;
			buildActionMask = 2147483647;
			files = (
				D3D623D026068EDD00213277 /* LaunchScreen.storyboard in Resources */,
				D3DC15782606914500544E32 /* Delm-Medium.otf in Resources */,
				D3D623CD26068EDD00213277 /* Assets.xcassets in Resources */,
				D3DC15752606913D00544E32 /* ThirstySoftRegular.otf in Resources */,
				D3D623CB26068EDC00213277 /* Main.storyboard in Resources */,
			);
			runOnlyForDeploymentPostprocessing = 0;
		};
/* End PBXResourcesBuildPhase section */

/* Begin PBXSourcesBuildPhase section */
		D3D623BC26068EDC00213277 /* Sources */ = {
			isa = PBXSourcesBuildPhase;
			buildActionMask = 2147483647;
			files = (
				D3D623C826068EDC00213277 /* ViewController.swift in Sources */,
				D3D623C426068EDC00213277 /* AppDelegate.swift in Sources */,
				D357DADF260A89B3005ADB9F /* ViewSelect.swift in Sources */,
				D3D623C626068EDC00213277 /* SceneDelegate.swift in Sources */,
				D32C5413260916AD005E6EF3 /* ChoiceView.swift in Sources */,
			);
			runOnlyForDeploymentPostprocessing = 0;
		};
/* End PBXSourcesBuildPhase section */

/* Begin PBXVariantGroup section */
		D3D623C926068EDC00213277 /* Main.storyboard */ = {
			isa = PBXVariantGroup;
			children = (
				D3D623CA26068EDC00213277 /* Base */,
			);
			name = Main.storyboard;
			sourceTree = "<group>";
		};
		D3D623CE26068EDD00213277 /* LaunchScreen.storyboard */ = {
			isa = PBXVariantGroup;
			children = (
				D3D623CF26068EDD00213277 /* Base */,
			);
			name = LaunchScreen.storyboard;
			sourceTree = "<group>";
		};
/* End PBXVariantGroup section */

/* Begin XCBuildConfiguration section */
		D3D623D226068EDD00213277 /* Debug */ = {
			isa = XCBuildConfiguration;
			buildSettings = {
				ALWAYS_SEARCH_USER_PATHS = NO;
				CLANG_ANALYZER_NONNULL = YES;
				CLANG_ANALYZER_NUMBER_OBJECT_CONVERSION = YES_AGGRESSIVE;
				CLANG_CXX_LANGUAGE_STANDARD = "gnu++14";
				CLANG_CXX_LIBRARY = "libc++";
				CLANG_ENABLE_MODULES = YES;
				CLANG_ENABLE_OBJC_ARC = YES;
				CLANG_ENABLE_OBJC_WEAK = YES;
				CLANG_WARN_BLOCK_CAPTURE_AUTORELEASING = YES;
				CLANG_WARN_BOOL_CONVERSION = YES;
				CLANG_WARN_COMMA = YES;
				CLANG_WARN_CONSTANT_CONVERSION = YES;
				CLANG_WARN_DEPRECATED_OBJC_IMPLEMENTATIONS = YES;
				CLANG_WARN_DIRECT_OBJC_ISA_USAGE = YES_ERROR;
				CLANG_WARN_DOCUMENTATION_COMMENTS = YES;
				CLANG_WARN_EMPTY_BODY = YES;
				CLANG_WARN_ENUM_CONVERSION = YES;
				CLANG_WARN_INFINITE_RECURSION = YES;
				CLANG_WARN_INT_CONVERSION = YES;
				CLANG_WARN_NON_LITERAL_NULL_CONVERSION = YES;
				CLANG_WARN_OBJC_IMPLICIT_RETAIN_SELF = YES;
				CLANG_WARN_OBJC_LITERAL_CONVERSION = YES;
				CLANG_WARN_OBJC_ROOT_CLASS = YES_ERROR;
				CLANG_WARN_QUOTED_INCLUDE_IN_FRAMEWORK_HEADER = YES;
				CLANG_WARN_RANGE_LOOP_ANALYSIS = YES;
				CLANG_WARN_STRICT_PROTOTYPES = YES;
				CLANG_WARN_SUSPICIOUS_MOVE = YES;
				CLANG_WARN_UNGUARDED_AVAILABILITY = YES_AGGRESSIVE;
				CLANG_WARN_UNREACHABLE_CODE = YES;
				CLANG_WARN__DUPLICATE_METHOD_MATCH = YES;
				COPY_PHASE_STRIP = NO;
				DEBUG_INFORMATION_FORMAT = dwarf;
				ENABLE_STRICT_OBJC_MSGSEND = YES;
				ENABLE_TESTABILITY = YES;
				GCC_C_LANGUAGE_STANDARD = gnu11;
				GCC_DYNAMIC_NO_PIC = NO;
				GCC_NO_COMMON_BLOCKS = YES;
				GCC_OPTIMIZATION_LEVEL = 0;
				GCC_PREPROCESSOR_DEFINITIONS = (
					"DEBUG=1",
					"$(inherited)",
				);
				GCC_WARN_64_TO_32_BIT_CONVERSION = YES;
				GCC_WARN_ABOUT_RETURN_TYPE = YES_ERROR;
				GCC_WARN_UNDECLARED_SELECTOR = YES;
				GCC_WARN_UNINITIALIZED_AUTOS = YES_AGGRESSIVE;
				GCC_WARN_UNUSED_FUNCTION = YES;
				GCC_WARN_UNUSED_VARIABLE = YES;
				IPHONEOS_DEPLOYMENT_TARGET = 14.4;
				MTL_ENABLE_DEBUG_INFO = INCLUDE_SOURCE;
				MTL_FAST_MATH = YES;
				ONLY_ACTIVE_ARCH = YES;
				SDKROOT = iphoneos;
				SWIFT_ACTIVE_COMPILATION_CONDITIONS = DEBUG;
				SWIFT_OPTIMIZATION_LEVEL = "-Onone";
			};
			name = Debug;
		};
		D3D623D326068EDD00213277 /* Release */ = {
			isa = XCBuildConfiguration;
			buildSettings = {
				ALWAYS_SEARCH_USER_PATHS = NO;
				CLANG_ANALYZER_NONNULL = YES;
				CLANG_ANALYZER_NUMBER_OBJECT_CONVERSION = YES_AGGRESSIVE;
				CLANG_CXX_LANGUAGE_STANDARD = "gnu++14";
				CLANG_CXX_LIBRARY = "libc++";
				CLANG_ENABLE_MODULES = YES;
				CLANG_ENABLE_OBJC_ARC = YES;
				CLANG_ENABLE_OBJC_WEAK = YES;
				CLANG_WARN_BLOCK_CAPTURE_AUTORELEASING = YES;
				CLANG_WARN_BOOL_CONVERSION = YES;
				CLANG_WARN_COMMA = YES;
				CLANG_WARN_CONSTANT_CONVERSION = YES;
				CLANG_WARN_DEPRECATED_OBJC_IMPLEMENTATIONS = YES;
				CLANG_WARN_DIRECT_OBJC_ISA_USAGE = YES_ERROR;
				CLANG_WARN_DOCUMENTATION_COMMENTS = YES;
				CLANG_WARN_EMPTY_BODY = YES;
				CLANG_WARN_ENUM_CONVERSION = YES;
				CLANG_WARN_INFINITE_RECURSION = YES;
				CLANG_WARN_INT_CONVERSION = YES;
				CLANG_WARN_NON_LITERAL_NULL_CONVERSION = YES;
				CLANG_WARN_OBJC_IMPLICIT_RETAIN_SELF = YES;
				CLANG_WARN_OBJC_LITERAL_CONVERSION = YES;
				CLANG_WARN_OBJC_ROOT_CLASS = YES_ERROR;
				CLANG_WARN_QUOTED_INCLUDE_IN_FRAMEWORK_HEADER = YES;
				CLANG_WARN_RANGE_LOOP_ANALYSIS = YES;
				CLANG_WARN_STRICT_PROTOTYPES = YES;
				CLANG_WARN_SUSPICIOUS_MOVE = YES;
				CLANG_WARN_UNGUARDED_AVAILABILITY = YES_AGGRESSIVE;
				CLANG_WARN_UNREACHABLE_CODE = YES;
				CLANG_WARN__DUPLICATE_METHOD_MATCH = YES;
				COPY_PHASE_STRIP = NO;
				DEBUG_INFORMATION_FORMAT = "dwarf-with-dsym";
				ENABLE_NS_ASSERTIONS = NO;
				ENABLE_STRICT_OBJC_MSGSEND = YES;
				GCC_C_LANGUAGE_STANDARD = gnu11;
				GCC_NO_COMMON_BLOCKS = YES;
				GCC_WARN_64_TO_32_BIT_CONVERSION = YES;
				GCC_WARN_ABOUT_RETURN_TYPE = YES_ERROR;
				GCC_WARN_UNDECLARED_SELECTOR = YES;
				GCC_WARN_UNINITIALIZED_AUTOS = YES_AGGRESSIVE;
				GCC_WARN_UNUSED_FUNCTION = YES;
				GCC_WARN_UNUSED_VARIABLE = YES;
				IPHONEOS_DEPLOYMENT_TARGET = 14.4;
				MTL_ENABLE_DEBUG_INFO = NO;
				MTL_FAST_MATH = YES;
				SDKROOT = iphoneos;
				SWIFT_COMPILATION_MODE = wholemodule;
				SWIFT_OPTIMIZATION_LEVEL = "-O";
				VALIDATE_PRODUCT = YES;
			};
			name = Release;
		};
		D3D623D526068EDD00213277 /* Debug */ = {
			isa = XCBuildConfiguration;
			buildSettings = {
				ASSETCATALOG_COMPILER_APPICON_NAME = AppIcon;
				ASSETCATALOG_COMPILER_GLOBAL_ACCENT_COLOR_NAME = AccentColor;
				CODE_SIGN_IDENTITY = "Apple Development";
				CODE_SIGN_STYLE = Automatic;
				DEVELOPMENT_TEAM = MMWV3F3KVU;
				INFOPLIST_FILE = Instagrid/Info.plist;
				LD_RUNPATH_SEARCH_PATHS = (
					"$(inherited)",
					"@executable_path/Frameworks",
				);
				PRODUCT_BUNDLE_IDENTIFIER = fr.FriessBrian.Instagrid;
				PRODUCT_NAME = "$(TARGET_NAME)";
				PROVISIONING_PROFILE_SPECIFIER = "";
				SWIFT_VERSION = 5.0;
				TARGETED_DEVICE_FAMILY = "1,2";
			};
			name = Debug;
		};
		D3D623D626068EDD00213277 /* Release */ = {
			isa = XCBuildConfiguration;
			buildSettings = {
				ASSETCATALOG_COMPILER_APPICON_NAME = AppIcon;
				ASSETCATALOG_COMPILER_GLOBAL_ACCENT_COLOR_NAME = AccentColor;
				CODE_SIGN_IDENTITY = "Apple Development";
				CODE_SIGN_STYLE = Automatic;
				DEVELOPMENT_TEAM = MMWV3F3KVU;
				INFOPLIST_FILE = Instagrid/Info.plist;
				LD_RUNPATH_SEARCH_PATHS = (
					"$(inherited)",
					"@executable_path/Frameworks",
				);
				PRODUCT_BUNDLE_IDENTIFIER = fr.FriessBrian.Instagrid;
				PRODUCT_NAME = "$(TARGET_NAME)";
				PROVISIONING_PROFILE_SPECIFIER = "";
				SWIFT_VERSION = 5.0;
				TARGETED_DEVICE_FAMILY = "1,2";
			};
			name = Release;
		};
/* End XCBuildConfiguration section */

/* Begin XCConfigurationList section */
		D3D623BB26068EDC00213277 /* Build configuration list for PBXProject "Instagrid" */ = {
			isa = XCConfigurationList;
			buildConfigurations = (
				D3D623D226068EDD00213277 /* Debug */,
				D3D623D326068EDD00213277 /* Release */,
			);
			defaultConfigurationIsVisible = 0;
			defaultConfigurationName = Release;
		};
		D3D623D426068EDD00213277 /* Build configuration list for PBXNativeTarget "Instagrid" */ = {
			isa = XCConfigurationList;
			buildConfigurations = (
				D3D623D526068EDD00213277 /* Debug */,
				D3D623D626068EDD00213277 /* Release */,
			);
			defaultConfigurationIsVisible = 0;
			defaultConfigurationName = Release;
		};
/* End XCConfigurationList section */
	};
	rootObject = D3D623B826068EDC00213277 /* Project object */;
}
